// !$*UTF8*$!
{
	archiveVersion = 1;
	classes = {
	};
	objectVersion = 50;
	objects = {

/* Begin PBXBuildFile section */
		BF1ED4B62437819700DFAC02 /* Common.swift in Sources */ = {isa = PBXBuildFile; fileRef = BF1ED4B52437819700DFAC02 /* Common.swift */; };
		BF39D4E3242F573A0041CA74 /* OpenGLES.framework in Frameworks */ = {isa = PBXBuildFile; fileRef = BF39D4E2242F573A0041CA74 /* OpenGLES.framework */; };
		BF39D4E5242F57720041CA74 /* CoreLocation.framework in Frameworks */ = {isa = PBXBuildFile; fileRef = BF39D4E4242F57720041CA74 /* CoreLocation.framework */; };
		BF39D4E7242F577E0041CA74 /* QuartzCore.framework in Frameworks */ = {isa = PBXBuildFile; fileRef = BF39D4E6242F577E0041CA74 /* QuartzCore.framework */; };
		BF39D4E9242F57900041CA74 /* libc++.tbd in Frameworks */ = {isa = PBXBuildFile; fileRef = BF39D4E8242F57890041CA74 /* libc++.tbd */; };
		BF39D4EB242F57A00041CA74 /* libxml2.tbd in Frameworks */ = {isa = PBXBuildFile; fileRef = BF39D4EA242F579B0041CA74 /* libxml2.tbd */; };
		BF39D4ED242F57B00041CA74 /* libsqlite3.tbd in Frameworks */ = {isa = PBXBuildFile; fileRef = BF39D4EC242F57AB0041CA74 /* libsqlite3.tbd */; };
		BF39D4EF242F57C60041CA74 /* SystemConfiguration.framework in Frameworks */ = {isa = PBXBuildFile; fileRef = BF39D4EE242F57C60041CA74 /* SystemConfiguration.framework */; };
		BF39D4FC242FBE3A0041CA74 /* DaumMap.framework in Frameworks */ = {isa = PBXBuildFile; fileRef = BF39D4FB242FBE3A0041CA74 /* DaumMap.framework */; };
		BF39D518242FBF040041CA74 /* noimage256.png in Resources */ = {isa = PBXBuildFile; fileRef = BF39D4FD242FBF010041CA74 /* noimage256.png */; };
		BF39D519242FBF040041CA74 /* shadow_balloon.png in Resources */ = {isa = PBXBuildFile; fileRef = BF39D4FE242FBF010041CA74 /* shadow_balloon.png */; };
		BF39D51A242FBF040041CA74 /* map_pin_custom.png in Resources */ = {isa = PBXBuildFile; fileRef = BF39D4FF242FBF010041CA74 /* map_pin_custom.png */; };
		BF39D51B242FBF040041CA74 /* copyright.png in Resources */ = {isa = PBXBuildFile; fileRef = BF39D500242FBF010041CA74 /* copyright.png */; };
		BF39D51C242FBF040041CA74 /* map_pinup@3x.png in Resources */ = {isa = PBXBuildFile; fileRef = BF39D501242FBF010041CA74 /* map_pinup@3x.png */; };
		BF39D51D242FBF040041CA74 /* point_sprite.png in Resources */ = {isa = PBXBuildFile; fileRef = BF39D502242FBF020041CA74 /* point_sprite.png */; };
		BF39D51E242FBF040041CA74 /* map_pinup_custom.png in Resources */ = {isa = PBXBuildFile; fileRef = BF39D503242FBF020041CA74 /* map_pinup_custom.png */; };
		BF39D51F242FBF040041CA74 /* th_line.png in Resources */ = {isa = PBXBuildFile; fileRef = BF39D504242FBF020041CA74 /* th_line.png */; };
		BF39D520242FBF040041CA74 /* map_pin_red.png in Resources */ = {isa = PBXBuildFile; fileRef = BF39D505242FBF020041CA74 /* map_pin_red.png */; };
		BF39D521242FBF040041CA74 /* map_pin_shadow.png in Resources */ = {isa = PBXBuildFile; fileRef = BF39D506242FBF020041CA74 /* map_pin_shadow.png */; };
		BF39D522242FBF040041CA74 /* detail_button.png in Resources */ = {isa = PBXBuildFile; fileRef = BF39D507242FBF020041CA74 /* detail_button.png */; };
		BF39D523242FBF040041CA74 /* map_pin@3x.png in Resources */ = {isa = PBXBuildFile; fileRef = BF39D508242FBF020041CA74 /* map_pin@3x.png */; };
		BF39D524242FBF040041CA74 /* info_box.png in Resources */ = {isa = PBXBuildFile; fileRef = BF39D509242FBF020041CA74 /* info_box.png */; };
		BF39D525242FBF040041CA74 /* map_present_background_update.png in Resources */ = {isa = PBXBuildFile; fileRef = BF39D50A242FBF020041CA74 /* map_present_background_update.png */; };
		BF39D526242FBF040041CA74 /* map_pinup.png in Resources */ = {isa = PBXBuildFile; fileRef = BF39D50B242FBF020041CA74 /* map_pinup.png */; };
		BF39D527242FBF040041CA74 /* map_pin_red@3x.png in Resources */ = {isa = PBXBuildFile; fileRef = BF39D50C242FBF020041CA74 /* map_pin_red@3x.png */; };
		BF39D528242FBF040041CA74 /* map_present_tracking.png in Resources */ = {isa = PBXBuildFile; fileRef = BF39D50D242FBF030041CA74 /* map_present_tracking.png */; };
		BF39D529242FBF040041CA74 /* noimage.png in Resources */ = {isa = PBXBuildFile; fileRef = BF39D50E242FBF030041CA74 /* noimage.png */; };
		BF39D52A242FBF040041CA74 /* daum_th_line.png in Resources */ = {isa = PBXBuildFile; fileRef = BF39D50F242FBF030041CA74 /* daum_th_line.png */; };
		BF39D52B242FBF040041CA74 /* map_pin_custom@3x.png in Resources */ = {isa = PBXBuildFile; fileRef = BF39D510242FBF030041CA74 /* map_pin_custom@3x.png */; };
		BF39D52C242FBF040041CA74 /* daum_copyright.png in Resources */ = {isa = PBXBuildFile; fileRef = BF39D511242FBF030041CA74 /* daum_copyright.png */; };
		BF39D52D242FBF040041CA74 /* map_present_direction.png in Resources */ = {isa = PBXBuildFile; fileRef = BF39D512242FBF030041CA74 /* map_present_direction.png */; };
		BF39D52E242FBF040041CA74 /* map_present.png in Resources */ = {isa = PBXBuildFile; fileRef = BF39D513242FBF030041CA74 /* map_present.png */; };
		BF39D52F242FBF040041CA74 /* map_pin_shadow@3x.png in Resources */ = {isa = PBXBuildFile; fileRef = BF39D514242FBF030041CA74 /* map_pin_shadow@3x.png */; };
		BF39D530242FBF040041CA74 /* info_box_tail.png in Resources */ = {isa = PBXBuildFile; fileRef = BF39D515242FBF030041CA74 /* info_box_tail.png */; };
		BF39D531242FBF040041CA74 /* map_pinup_custom@3x.png in Resources */ = {isa = PBXBuildFile; fileRef = BF39D516242FBF030041CA74 /* map_pinup_custom@3x.png */; };
		BF39D532242FBF040041CA74 /* map_pin.png in Resources */ = {isa = PBXBuildFile; fileRef = BF39D517242FBF040041CA74 /* map_pin.png */; };
		BF39D534242FBF260041CA74 /* Headers in Resources */ = {isa = PBXBuildFile; fileRef = BF39D533242FBF260041CA74 /* Headers */; };
		BF39D5372431A4D80041CA74 /* MapViewController.swift in Sources */ = {isa = PBXBuildFile; fileRef = BF39D5362431A4D80041CA74 /* MapViewController.swift */; };
		BF39D539243232090041CA74 /* SearchLog.swift in Sources */ = {isa = PBXBuildFile; fileRef = BF39D538243232090041CA74 /* SearchLog.swift */; };
		BF3E7E242420EC8E00931641 /* HomeViewController.swift in Sources */ = {isa = PBXBuildFile; fileRef = BF3E7E232420EC8E00931641 /* HomeViewController.swift */; };
		BF3EF411240D9A0C00036FD1 /* SearchResultViewController.swift in Sources */ = {isa = PBXBuildFile; fileRef = BF3EF410240D9A0C00036FD1 /* SearchResultViewController.swift */; };
		BF406454240E92C800F20734 /* WineV2.swift in Sources */ = {isa = PBXBuildFile; fileRef = BF406453240E92C800F20734 /* WineV2.swift */; };
		BF4380B3242639AC000C0B43 /* QuizLog.swift in Sources */ = {isa = PBXBuildFile; fileRef = BF4380B2242639AC000C0B43 /* QuizLog.swift */; };
		BF4380B724290365000C0B43 /* DataStore.swift in Sources */ = {isa = PBXBuildFile; fileRef = BF4380B624290365000C0B43 /* DataStore.swift */; };
		BF7CAEBE241E3C8D0047CD70 /* Home.storyboard in Resources */ = {isa = PBXBuildFile; fileRef = BF7CAEBD241E3C8D0047CD70 /* Home.storyboard */; };
		BFDAB38823FEA4DA009CE055 /* AppDelegate.swift in Sources */ = {isa = PBXBuildFile; fileRef = BFDAB38723FEA4DA009CE055 /* AppDelegate.swift */; };
		BFDAB38A23FEA4DA009CE055 /* SceneDelegate.swift in Sources */ = {isa = PBXBuildFile; fileRef = BFDAB38923FEA4DA009CE055 /* SceneDelegate.swift */; };
		BFDAB38C23FEA4DA009CE055 /* ViewController.swift in Sources */ = {isa = PBXBuildFile; fileRef = BFDAB38B23FEA4DA009CE055 /* ViewController.swift */; };
		BFDAB38F23FEA4DA009CE055 /* Main.storyboard in Resources */ = {isa = PBXBuildFile; fileRef = BFDAB38D23FEA4DA009CE055 /* Main.storyboard */; };
		BFDAB39123FEA4DD009CE055 /* Assets.xcassets in Resources */ = {isa = PBXBuildFile; fileRef = BFDAB39023FEA4DD009CE055 /* Assets.xcassets */; };
		BFDAB39423FEA4DD009CE055 /* LaunchScreen.storyboard in Resources */ = {isa = PBXBuildFile; fileRef = BFDAB39223FEA4DD009CE055 /* LaunchScreen.storyboard */; };
		BFDAB39F23FEA4DD009CE055 /* todaywineTests.swift in Sources */ = {isa = PBXBuildFile; fileRef = BFDAB39E23FEA4DD009CE055 /* todaywineTests.swift */; };
		BFDAB3AA23FEA4DD009CE055 /* todaywineUITests.swift in Sources */ = {isa = PBXBuildFile; fileRef = BFDAB3A923FEA4DD009CE055 /* todaywineUITests.swift */; };
		BFDAB3B823FEA54A009CE055 /* MainViewController.swift in Sources */ = {isa = PBXBuildFile; fileRef = BFDAB3B723FEA54A009CE055 /* MainViewController.swift */; };
		BFDAB3BA23FEA560009CE055 /* QuizViewController.swift in Sources */ = {isa = PBXBuildFile; fileRef = BFDAB3B923FEA560009CE055 /* QuizViewController.swift */; };
		BFDAB3BC23FEA575009CE055 /* SearchViewController.swift in Sources */ = {isa = PBXBuildFile; fileRef = BFDAB3BB23FEA575009CE055 /* SearchViewController.swift */; };
		BFDAB3BE23FEC352009CE055 /* UIViewControllerBase.swift in Sources */ = {isa = PBXBuildFile; fileRef = BFDAB3BD23FEC352009CE055 /* UIViewControllerBase.swift */; };
		BFDAB3C02402BE10009CE055 /* QuizViewController2.swift in Sources */ = {isa = PBXBuildFile; fileRef = BFDAB3BF2402BE10009CE055 /* QuizViewController2.swift */; };
		BFDAB3C224084EA3009CE055 /* MypageViewController.swift in Sources */ = {isa = PBXBuildFile; fileRef = BFDAB3C124084EA2009CE055 /* MypageViewController.swift */; };
		BFDAB3C62408EA3F009CE055 /* wine.json in Resources */ = {isa = PBXBuildFile; fileRef = BFDAB3C52408EA3F009CE055 /* wine.json */; };
		BFDAB3C82408EA9D009CE055 /* Wine.swift in Sources */ = {isa = PBXBuildFile; fileRef = BFDAB3C72408EA9D009CE055 /* Wine.swift */; };
		BFDAB3CB2408F1F6009CE055 /* WineCell.swift in Sources */ = {isa = PBXBuildFile; fileRef = BFDAB3C92408F1F6009CE055 /* WineCell.swift */; };
		BFDAB3CC2408F1F6009CE055 /* WineCell.xib in Resources */ = {isa = PBXBuildFile; fileRef = BFDAB3CA2408F1F6009CE055 /* WineCell.xib */; };
		BFDAB3CE240932D3009CE055 /* Quiz.swift in Sources */ = {isa = PBXBuildFile; fileRef = BFDAB3CD240932D3009CE055 /* Quiz.swift */; };
		BFDAB3D0240934AF009CE055 /* quiz.json in Resources */ = {isa = PBXBuildFile; fileRef = BFDAB3CF240934AF009CE055 /* quiz.json */; };
		BFDAB3D224097FE5009CE055 /* TodayWineViewController.swift in Sources */ = {isa = PBXBuildFile; fileRef = BFDAB3D124097FE5009CE055 /* TodayWineViewController.swift */; };
		BFDAB3D4240B9D5C009CE055 /* RecommendWineViewController.swift in Sources */ = {isa = PBXBuildFile; fileRef = BFDAB3D3240B9D5C009CE055 /* RecommendWineViewController.swift */; };
/* End PBXBuildFile section */

/* Begin PBXContainerItemProxy section */
		BFDAB39B23FEA4DD009CE055 /* PBXContainerItemProxy */ = {
			isa = PBXContainerItemProxy;
			containerPortal = BFDAB37C23FEA4DA009CE055 /* Project object */;
			proxyType = 1;
			remoteGlobalIDString = BFDAB38323FEA4DA009CE055;
			remoteInfo = todaywine;
		};
		BFDAB3A623FEA4DD009CE055 /* PBXContainerItemProxy */ = {
			isa = PBXContainerItemProxy;
			containerPortal = BFDAB37C23FEA4DA009CE055 /* Project object */;
			proxyType = 1;
			remoteGlobalIDString = BFDAB38323FEA4DA009CE055;
			remoteInfo = todaywine;
		};
/* End PBXContainerItemProxy section */

/* Begin PBXCopyFilesBuildPhase section */
		BF39D4FA242FBD740041CA74 /* Embed Frameworks */ = {
			isa = PBXCopyFilesBuildPhase;
			buildActionMask = 2147483647;
			dstPath = "";
			dstSubfolderSpec = 10;
			files = (
			);
			name = "Embed Frameworks";
			runOnlyForDeploymentPostprocessing = 0;
		};
/* End PBXCopyFilesBuildPhase section */

/* Begin PBXFileReference section */
		BF1ED4B52437819700DFAC02 /* Common.swift */ = {isa = PBXFileReference; lastKnownFileType = sourcecode.swift; path = Common.swift; sourceTree = "<group>"; };
		BF39D4E2242F573A0041CA74 /* OpenGLES.framework */ = {isa = PBXFileReference; lastKnownFileType = wrapper.framework; name = OpenGLES.framework; path = System/Library/Frameworks/OpenGLES.framework; sourceTree = SDKROOT; };
		BF39D4E4242F57720041CA74 /* CoreLocation.framework */ = {isa = PBXFileReference; lastKnownFileType = wrapper.framework; name = CoreLocation.framework; path = System/Library/Frameworks/CoreLocation.framework; sourceTree = SDKROOT; };
		BF39D4E6242F577E0041CA74 /* QuartzCore.framework */ = {isa = PBXFileReference; lastKnownFileType = wrapper.framework; name = QuartzCore.framework; path = System/Library/Frameworks/QuartzCore.framework; sourceTree = SDKROOT; };
		BF39D4E8242F57890041CA74 /* libc++.tbd */ = {isa = PBXFileReference; lastKnownFileType = "sourcecode.text-based-dylib-definition"; name = "libc++.tbd"; path = "usr/lib/libc++.tbd"; sourceTree = SDKROOT; };
		BF39D4EA242F579B0041CA74 /* libxml2.tbd */ = {isa = PBXFileReference; lastKnownFileType = "sourcecode.text-based-dylib-definition"; name = libxml2.tbd; path = usr/lib/libxml2.tbd; sourceTree = SDKROOT; };
		BF39D4EC242F57AB0041CA74 /* libsqlite3.tbd */ = {isa = PBXFileReference; lastKnownFileType = "sourcecode.text-based-dylib-definition"; name = libsqlite3.tbd; path = usr/lib/libsqlite3.tbd; sourceTree = SDKROOT; };
		BF39D4EE242F57C60041CA74 /* SystemConfiguration.framework */ = {isa = PBXFileReference; lastKnownFileType = wrapper.framework; name = SystemConfiguration.framework; path = System/Library/Frameworks/SystemConfiguration.framework; sourceTree = SDKROOT; };
		BF39D4F5242FBB190041CA74 /* BridgingHeader.h */ = {isa = PBXFileReference; lastKnownFileType = sourcecode.c.h; path = BridgingHeader.h; sourceTree = "<group>"; };
		BF39D4FB242FBE3A0041CA74 /* DaumMap.framework */ = {isa = PBXFileReference; lastKnownFileType = wrapper.framework; path = DaumMap.framework; sourceTree = "<group>"; };
		BF39D4FD242FBF010041CA74 /* noimage256.png */ = {isa = PBXFileReference; lastKnownFileType = image.png; path = noimage256.png; sourceTree = "<group>"; };
		BF39D4FE242FBF010041CA74 /* shadow_balloon.png */ = {isa = PBXFileReference; lastKnownFileType = image.png; path = shadow_balloon.png; sourceTree = "<group>"; };
		BF39D4FF242FBF010041CA74 /* map_pin_custom.png */ = {isa = PBXFileReference; lastKnownFileType = image.png; path = map_pin_custom.png; sourceTree = "<group>"; };
		BF39D500242FBF010041CA74 /* copyright.png */ = {isa = PBXFileReference; lastKnownFileType = image.png; path = copyright.png; sourceTree = "<group>"; };
		BF39D501242FBF010041CA74 /* map_pinup@3x.png */ = {isa = PBXFileReference; lastKnownFileType = image.png; path = "map_pinup@3x.png"; sourceTree = "<group>"; };
		BF39D502242FBF020041CA74 /* point_sprite.png */ = {isa = PBXFileReference; lastKnownFileType = image.png; path = point_sprite.png; sourceTree = "<group>"; };
		BF39D503242FBF020041CA74 /* map_pinup_custom.png */ = {isa = PBXFileReference; lastKnownFileType = image.png; path = map_pinup_custom.png; sourceTree = "<group>"; };
		BF39D504242FBF020041CA74 /* th_line.png */ = {isa = PBXFileReference; lastKnownFileType = image.png; path = th_line.png; sourceTree = "<group>"; };
		BF39D505242FBF020041CA74 /* map_pin_red.png */ = {isa = PBXFileReference; lastKnownFileType = image.png; path = map_pin_red.png; sourceTree = "<group>"; };
		BF39D506242FBF020041CA74 /* map_pin_shadow.png */ = {isa = PBXFileReference; lastKnownFileType = image.png; path = map_pin_shadow.png; sourceTree = "<group>"; };
		BF39D507242FBF020041CA74 /* detail_button.png */ = {isa = PBXFileReference; lastKnownFileType = image.png; path = detail_button.png; sourceTree = "<group>"; };
		BF39D508242FBF020041CA74 /* map_pin@3x.png */ = {isa = PBXFileReference; lastKnownFileType = image.png; path = "map_pin@3x.png"; sourceTree = "<group>"; };
		BF39D509242FBF020041CA74 /* info_box.png */ = {isa = PBXFileReference; lastKnownFileType = image.png; path = info_box.png; sourceTree = "<group>"; };
		BF39D50A242FBF020041CA74 /* map_present_background_update.png */ = {isa = PBXFileReference; lastKnownFileType = image.png; path = map_present_background_update.png; sourceTree = "<group>"; };
		BF39D50B242FBF020041CA74 /* map_pinup.png */ = {isa = PBXFileReference; lastKnownFileType = image.png; path = map_pinup.png; sourceTree = "<group>"; };
		BF39D50C242FBF020041CA74 /* map_pin_red@3x.png */ = {isa = PBXFileReference; lastKnownFileType = image.png; path = "map_pin_red@3x.png"; sourceTree = "<group>"; };
		BF39D50D242FBF030041CA74 /* map_present_tracking.png */ = {isa = PBXFileReference; lastKnownFileType = image.png; path = map_present_tracking.png; sourceTree = "<group>"; };
		BF39D50E242FBF030041CA74 /* noimage.png */ = {isa = PBXFileReference; lastKnownFileType = image.png; path = noimage.png; sourceTree = "<group>"; };
		BF39D50F242FBF030041CA74 /* daum_th_line.png */ = {isa = PBXFileReference; lastKnownFileType = image.png; path = daum_th_line.png; sourceTree = "<group>"; };
		BF39D510242FBF030041CA74 /* map_pin_custom@3x.png */ = {isa = PBXFileReference; lastKnownFileType = image.png; path = "map_pin_custom@3x.png"; sourceTree = "<group>"; };
		BF39D511242FBF030041CA74 /* daum_copyright.png */ = {isa = PBXFileReference; lastKnownFileType = image.png; path = daum_copyright.png; sourceTree = "<group>"; };
		BF39D512242FBF030041CA74 /* map_present_direction.png */ = {isa = PBXFileReference; lastKnownFileType = image.png; path = map_present_direction.png; sourceTree = "<group>"; };
		BF39D513242FBF030041CA74 /* map_present.png */ = {isa = PBXFileReference; lastKnownFileType = image.png; path = map_present.png; sourceTree = "<group>"; };
		BF39D514242FBF030041CA74 /* map_pin_shadow@3x.png */ = {isa = PBXFileReference; lastKnownFileType = image.png; path = "map_pin_shadow@3x.png"; sourceTree = "<group>"; };
		BF39D515242FBF030041CA74 /* info_box_tail.png */ = {isa = PBXFileReference; lastKnownFileType = image.png; path = info_box_tail.png; sourceTree = "<group>"; };
		BF39D516242FBF030041CA74 /* map_pinup_custom@3x.png */ = {isa = PBXFileReference; lastKnownFileType = image.png; path = "map_pinup_custom@3x.png"; sourceTree = "<group>"; };
		BF39D517242FBF040041CA74 /* map_pin.png */ = {isa = PBXFileReference; lastKnownFileType = image.png; path = map_pin.png; sourceTree = "<group>"; };
		BF39D533242FBF260041CA74 /* Headers */ = {isa = PBXFileReference; lastKnownFileType = folder; name = Headers; path = DaumMap.framework/Headers; sourceTree = "<group>"; };
		BF39D5362431A4D80041CA74 /* MapViewController.swift */ = {isa = PBXFileReference; lastKnownFileType = sourcecode.swift; path = MapViewController.swift; sourceTree = "<group>"; };
		BF39D538243232090041CA74 /* SearchLog.swift */ = {isa = PBXFileReference; lastKnownFileType = sourcecode.swift; path = SearchLog.swift; sourceTree = "<group>"; };
		BF3E7E232420EC8E00931641 /* HomeViewController.swift */ = {isa = PBXFileReference; lastKnownFileType = sourcecode.swift; path = HomeViewController.swift; sourceTree = "<group>"; };
		BF3EF410240D9A0C00036FD1 /* SearchResultViewController.swift */ = {isa = PBXFileReference; lastKnownFileType = sourcecode.swift; path = SearchResultViewController.swift; sourceTree = "<group>"; };
		BF406453240E92C800F20734 /* WineV2.swift */ = {isa = PBXFileReference; lastKnownFileType = sourcecode.swift; path = WineV2.swift; sourceTree = "<group>"; };
		BF4380B2242639AC000C0B43 /* QuizLog.swift */ = {isa = PBXFileReference; lastKnownFileType = sourcecode.swift; path = QuizLog.swift; sourceTree = "<group>"; };
		BF4380B624290365000C0B43 /* DataStore.swift */ = {isa = PBXFileReference; lastKnownFileType = sourcecode.swift; path = DataStore.swift; sourceTree = "<group>"; };
		BF7CAEBD241E3C8D0047CD70 /* Home.storyboard */ = {isa = PBXFileReference; lastKnownFileType = file.storyboard; path = Home.storyboard; sourceTree = "<group>"; };
		BFDAB38423FEA4DA009CE055 /* todaywine.app */ = {isa = PBXFileReference; explicitFileType = wrapper.application; includeInIndex = 0; path = todaywine.app; sourceTree = BUILT_PRODUCTS_DIR; };
		BFDAB38723FEA4DA009CE055 /* AppDelegate.swift */ = {isa = PBXFileReference; lastKnownFileType = sourcecode.swift; path = AppDelegate.swift; sourceTree = "<group>"; };
		BFDAB38923FEA4DA009CE055 /* SceneDelegate.swift */ = {isa = PBXFileReference; lastKnownFileType = sourcecode.swift; path = SceneDelegate.swift; sourceTree = "<group>"; };
		BFDAB38B23FEA4DA009CE055 /* ViewController.swift */ = {isa = PBXFileReference; lastKnownFileType = sourcecode.swift; path = ViewController.swift; sourceTree = "<group>"; };
		BFDAB38E23FEA4DA009CE055 /* Base */ = {isa = PBXFileReference; lastKnownFileType = file.storyboard; name = Base; path = Base.lproj/Main.storyboard; sourceTree = "<group>"; };
		BFDAB39023FEA4DD009CE055 /* Assets.xcassets */ = {isa = PBXFileReference; lastKnownFileType = folder.assetcatalog; path = Assets.xcassets; sourceTree = "<group>"; };
		BFDAB39323FEA4DD009CE055 /* Base */ = {isa = PBXFileReference; lastKnownFileType = file.storyboard; name = Base; path = Base.lproj/LaunchScreen.storyboard; sourceTree = "<group>"; };
		BFDAB39523FEA4DD009CE055 /* Info.plist */ = {isa = PBXFileReference; lastKnownFileType = text.plist.xml; path = Info.plist; sourceTree = "<group>"; };
		BFDAB39A23FEA4DD009CE055 /* todaywineTests.xctest */ = {isa = PBXFileReference; explicitFileType = wrapper.cfbundle; includeInIndex = 0; path = todaywineTests.xctest; sourceTree = BUILT_PRODUCTS_DIR; };
		BFDAB39E23FEA4DD009CE055 /* todaywineTests.swift */ = {isa = PBXFileReference; lastKnownFileType = sourcecode.swift; path = todaywineTests.swift; sourceTree = "<group>"; };
		BFDAB3A023FEA4DD009CE055 /* Info.plist */ = {isa = PBXFileReference; lastKnownFileType = text.plist.xml; path = Info.plist; sourceTree = "<group>"; };
		BFDAB3A523FEA4DD009CE055 /* todaywineUITests.xctest */ = {isa = PBXFileReference; explicitFileType = wrapper.cfbundle; includeInIndex = 0; path = todaywineUITests.xctest; sourceTree = BUILT_PRODUCTS_DIR; };
		BFDAB3A923FEA4DD009CE055 /* todaywineUITests.swift */ = {isa = PBXFileReference; lastKnownFileType = sourcecode.swift; path = todaywineUITests.swift; sourceTree = "<group>"; };
		BFDAB3AB23FEA4DD009CE055 /* Info.plist */ = {isa = PBXFileReference; lastKnownFileType = text.plist.xml; path = Info.plist; sourceTree = "<group>"; };
		BFDAB3B723FEA54A009CE055 /* MainViewController.swift */ = {isa = PBXFileReference; lastKnownFileType = sourcecode.swift; path = MainViewController.swift; sourceTree = "<group>"; };
		BFDAB3B923FEA560009CE055 /* QuizViewController.swift */ = {isa = PBXFileReference; lastKnownFileType = sourcecode.swift; path = QuizViewController.swift; sourceTree = "<group>"; };
		BFDAB3BB23FEA575009CE055 /* SearchViewController.swift */ = {isa = PBXFileReference; lastKnownFileType = sourcecode.swift; path = SearchViewController.swift; sourceTree = "<group>"; };
		BFDAB3BD23FEC352009CE055 /* UIViewControllerBase.swift */ = {isa = PBXFileReference; lastKnownFileType = sourcecode.swift; path = UIViewControllerBase.swift; sourceTree = "<group>"; };
		BFDAB3BF2402BE10009CE055 /* QuizViewController2.swift */ = {isa = PBXFileReference; lastKnownFileType = sourcecode.swift; path = QuizViewController2.swift; sourceTree = "<group>"; };
		BFDAB3C124084EA2009CE055 /* MypageViewController.swift */ = {isa = PBXFileReference; lastKnownFileType = sourcecode.swift; path = MypageViewController.swift; sourceTree = "<group>"; };
		BFDAB3C52408EA3F009CE055 /* wine.json */ = {isa = PBXFileReference; lastKnownFileType = text.json; path = wine.json; sourceTree = "<group>"; };
		BFDAB3C72408EA9D009CE055 /* Wine.swift */ = {isa = PBXFileReference; lastKnownFileType = sourcecode.swift; path = Wine.swift; sourceTree = "<group>"; };
		BFDAB3C92408F1F6009CE055 /* WineCell.swift */ = {isa = PBXFileReference; lastKnownFileType = sourcecode.swift; path = WineCell.swift; sourceTree = "<group>"; };
		BFDAB3CA2408F1F6009CE055 /* WineCell.xib */ = {isa = PBXFileReference; lastKnownFileType = file.xib; path = WineCell.xib; sourceTree = "<group>"; };
		BFDAB3CD240932D3009CE055 /* Quiz.swift */ = {isa = PBXFileReference; lastKnownFileType = sourcecode.swift; path = Quiz.swift; sourceTree = "<group>"; };
		BFDAB3CF240934AF009CE055 /* quiz.json */ = {isa = PBXFileReference; lastKnownFileType = text.json; path = quiz.json; sourceTree = "<group>"; };
		BFDAB3D124097FE5009CE055 /* TodayWineViewController.swift */ = {isa = PBXFileReference; lastKnownFileType = sourcecode.swift; path = TodayWineViewController.swift; sourceTree = "<group>"; };
		BFDAB3D3240B9D5C009CE055 /* RecommendWineViewController.swift */ = {isa = PBXFileReference; lastKnownFileType = sourcecode.swift; path = RecommendWineViewController.swift; sourceTree = "<group>"; };
/* End PBXFileReference section */

/* Begin PBXFrameworksBuildPhase section */
		BFDAB38123FEA4DA009CE055 /* Frameworks */ = {
			isa = PBXFrameworksBuildPhase;
			buildActionMask = 2147483647;
			files = (
				BF39D4E7242F577E0041CA74 /* QuartzCore.framework in Frameworks */,
				BF39D4E9242F57900041CA74 /* libc++.tbd in Frameworks */,
				BF39D4ED242F57B00041CA74 /* libsqlite3.tbd in Frameworks */,
				BF39D4E5242F57720041CA74 /* CoreLocation.framework in Frameworks */,
				BF39D4EB242F57A00041CA74 /* libxml2.tbd in Frameworks */,
				BF39D4EF242F57C60041CA74 /* SystemConfiguration.framework in Frameworks */,
				BF39D4FC242FBE3A0041CA74 /* DaumMap.framework in Frameworks */,
				BF39D4E3242F573A0041CA74 /* OpenGLES.framework in Frameworks */,
			);
			runOnlyForDeploymentPostprocessing = 0;
		};
		BFDAB39723FEA4DD009CE055 /* Frameworks */ = {
			isa = PBXFrameworksBuildPhase;
			buildActionMask = 2147483647;
			files = (
			);
			runOnlyForDeploymentPostprocessing = 0;
		};
		BFDAB3A223FEA4DD009CE055 /* Frameworks */ = {
			isa = PBXFrameworksBuildPhase;
			buildActionMask = 2147483647;
			files = (
			);
			runOnlyForDeploymentPostprocessing = 0;
		};
/* End PBXFrameworksBuildPhase section */

/* Begin PBXGroup section */
		BF39D4E1242F573A0041CA74 /* Frameworks */ = {
			isa = PBXGroup;
			children = (
				BF39D4FB242FBE3A0041CA74 /* DaumMap.framework */,
				BF39D4EE242F57C60041CA74 /* SystemConfiguration.framework */,
				BF39D4EC242F57AB0041CA74 /* libsqlite3.tbd */,
				BF39D4EA242F579B0041CA74 /* libxml2.tbd */,
				BF39D4E8242F57890041CA74 /* libc++.tbd */,
				BF39D4E6242F577E0041CA74 /* QuartzCore.framework */,
				BF39D4E4242F57720041CA74 /* CoreLocation.framework */,
				BF39D4E2242F573A0041CA74 /* OpenGLES.framework */,
			);
			name = Frameworks;
			sourceTree = "<group>";
		};
		BF39D535242FC0C40041CA74 /* kakaoMapImage */ = {
			isa = PBXGroup;
			children = (
				BF39D500242FBF010041CA74 /* copyright.png */,
				BF39D511242FBF030041CA74 /* daum_copyright.png */,
				BF39D50F242FBF030041CA74 /* daum_th_line.png */,
				BF39D507242FBF020041CA74 /* detail_button.png */,
				BF39D515242FBF030041CA74 /* info_box_tail.png */,
				BF39D509242FBF020041CA74 /* info_box.png */,
				BF39D4FF242FBF010041CA74 /* map_pin_custom.png */,
				BF39D510242FBF030041CA74 /* map_pin_custom@3x.png */,
				BF39D505242FBF020041CA74 /* map_pin_red.png */,
				BF39D50C242FBF020041CA74 /* map_pin_red@3x.png */,
				BF39D506242FBF020041CA74 /* map_pin_shadow.png */,
				BF39D514242FBF030041CA74 /* map_pin_shadow@3x.png */,
				BF39D517242FBF040041CA74 /* map_pin.png */,
				BF39D508242FBF020041CA74 /* map_pin@3x.png */,
				BF39D503242FBF020041CA74 /* map_pinup_custom.png */,
				BF39D516242FBF030041CA74 /* map_pinup_custom@3x.png */,
				BF39D50B242FBF020041CA74 /* map_pinup.png */,
				BF39D501242FBF010041CA74 /* map_pinup@3x.png */,
				BF39D50A242FBF020041CA74 /* map_present_background_update.png */,
				BF39D512242FBF030041CA74 /* map_present_direction.png */,
				BF39D50D242FBF030041CA74 /* map_present_tracking.png */,
				BF39D513242FBF030041CA74 /* map_present.png */,
				BF39D50E242FBF030041CA74 /* noimage.png */,
				BF39D4FD242FBF010041CA74 /* noimage256.png */,
				BF39D502242FBF020041CA74 /* point_sprite.png */,
				BF39D4FE242FBF010041CA74 /* shadow_balloon.png */,
				BF39D504242FBF020041CA74 /* th_line.png */,
			);
			name = kakaoMapImage;
			sourceTree = "<group>";
		};
		BFDAB37B23FEA4DA009CE055 = {
			isa = PBXGroup;
			children = (
				BF39D4F5242FBB190041CA74 /* BridgingHeader.h */,
				BF39D533242FBF260041CA74 /* Headers */,
				BF39D535242FC0C40041CA74 /* kakaoMapImage */,
				BFDAB38623FEA4DA009CE055 /* todaywine */,
				BFDAB39D23FEA4DD009CE055 /* todaywineTests */,
				BFDAB3A823FEA4DD009CE055 /* todaywineUITests */,
				BFDAB38523FEA4DA009CE055 /* Products */,
				BF39D4E1242F573A0041CA74 /* Frameworks */,
			);
			sourceTree = "<group>";
		};
		BFDAB38523FEA4DA009CE055 /* Products */ = {
			isa = PBXGroup;
			children = (
				BFDAB38423FEA4DA009CE055 /* todaywine.app */,
				BFDAB39A23FEA4DD009CE055 /* todaywineTests.xctest */,
				BFDAB3A523FEA4DD009CE055 /* todaywineUITests.xctest */,
			);
			name = Products;
			sourceTree = "<group>";
		};
		BFDAB38623FEA4DA009CE055 /* todaywine */ = {
			isa = PBXGroup;
			children = (
				BFDAB38723FEA4DA009CE055 /* AppDelegate.swift */,
				BFDAB38923FEA4DA009CE055 /* SceneDelegate.swift */,
				BFDAB3C124084EA2009CE055 /* MypageViewController.swift */,
				BFDAB38B23FEA4DA009CE055 /* ViewController.swift */,
				BFDAB3BD23FEC352009CE055 /* UIViewControllerBase.swift */,
				BFDAB3B723FEA54A009CE055 /* MainViewController.swift */,
				BFDAB3D124097FE5009CE055 /* TodayWineViewController.swift */,
				BF3E7E232420EC8E00931641 /* HomeViewController.swift */,
				BFDAB3B923FEA560009CE055 /* QuizViewController.swift */,
				BFDAB3BF2402BE10009CE055 /* QuizViewController2.swift */,
				BF1ED4B52437819700DFAC02 /* Common.swift */,
				BF4380B624290365000C0B43 /* DataStore.swift */,
				BFDAB3BB23FEA575009CE055 /* SearchViewController.swift */,
				BF3EF410240D9A0C00036FD1 /* SearchResultViewController.swift */,
				BF39D5362431A4D80041CA74 /* MapViewController.swift */,
				BFDAB3C92408F1F6009CE055 /* WineCell.swift */,
				BFDAB3CA2408F1F6009CE055 /* WineCell.xib */,
				BFDAB3C72408EA9D009CE055 /* Wine.swift */,
				BF406453240E92C800F20734 /* WineV2.swift */,
				BFDAB38D23FEA4DA009CE055 /* Main.storyboard */,
				BF7CAEBD241E3C8D0047CD70 /* Home.storyboard */,
				BFDAB3D3240B9D5C009CE055 /* RecommendWineViewController.swift */,
				BFDAB3C52408EA3F009CE055 /* wine.json */,
				BFDAB3CF240934AF009CE055 /* quiz.json */,
				BFDAB3CD240932D3009CE055 /* Quiz.swift */,
				BF4380B2242639AC000C0B43 /* QuizLog.swift */,
				BF39D538243232090041CA74 /* SearchLog.swift */,
				BFDAB39023FEA4DD009CE055 /* Assets.xcassets */,
				BFDAB39223FEA4DD009CE055 /* LaunchScreen.storyboard */,
				BFDAB39523FEA4DD009CE055 /* Info.plist */,
			);
			path = todaywine;
			sourceTree = "<group>";
		};
		BFDAB39D23FEA4DD009CE055 /* todaywineTests */ = {
			isa = PBXGroup;
			children = (
				BFDAB39E23FEA4DD009CE055 /* todaywineTests.swift */,
				BFDAB3A023FEA4DD009CE055 /* Info.plist */,
			);
			path = todaywineTests;
			sourceTree = "<group>";
		};
		BFDAB3A823FEA4DD009CE055 /* todaywineUITests */ = {
			isa = PBXGroup;
			children = (
				BFDAB3A923FEA4DD009CE055 /* todaywineUITests.swift */,
				BFDAB3AB23FEA4DD009CE055 /* Info.plist */,
			);
			path = todaywineUITests;
			sourceTree = "<group>";
		};
/* End PBXGroup section */

/* Begin PBXNativeTarget section */
		BFDAB38323FEA4DA009CE055 /* todaywine */ = {
			isa = PBXNativeTarget;
			buildConfigurationList = BFDAB3AE23FEA4DD009CE055 /* Build configuration list for PBXNativeTarget "todaywine" */;
			buildPhases = (
				BFDAB38023FEA4DA009CE055 /* Sources */,
				BFDAB38123FEA4DA009CE055 /* Frameworks */,
				BFDAB38223FEA4DA009CE055 /* Resources */,
				BF39D4FA242FBD740041CA74 /* Embed Frameworks */,
			);
			buildRules = (
			);
			dependencies = (
			);
			name = todaywine;
			productName = todaywine;
			productReference = BFDAB38423FEA4DA009CE055 /* todaywine.app */;
			productType = "com.apple.product-type.application";
		};
		BFDAB39923FEA4DD009CE055 /* todaywineTests */ = {
			isa = PBXNativeTarget;
			buildConfigurationList = BFDAB3B123FEA4DD009CE055 /* Build configuration list for PBXNativeTarget "todaywineTests" */;
			buildPhases = (
				BFDAB39623FEA4DD009CE055 /* Sources */,
				BFDAB39723FEA4DD009CE055 /* Frameworks */,
				BFDAB39823FEA4DD009CE055 /* Resources */,
			);
			buildRules = (
			);
			dependencies = (
				BFDAB39C23FEA4DD009CE055 /* PBXTargetDependency */,
			);
			name = todaywineTests;
			productName = todaywineTests;
			productReference = BFDAB39A23FEA4DD009CE055 /* todaywineTests.xctest */;
			productType = "com.apple.product-type.bundle.unit-test";
		};
		BFDAB3A423FEA4DD009CE055 /* todaywineUITests */ = {
			isa = PBXNativeTarget;
			buildConfigurationList = BFDAB3B423FEA4DD009CE055 /* Build configuration list for PBXNativeTarget "todaywineUITests" */;
			buildPhases = (
				BFDAB3A123FEA4DD009CE055 /* Sources */,
				BFDAB3A223FEA4DD009CE055 /* Frameworks */,
				BFDAB3A323FEA4DD009CE055 /* Resources */,
			);
			buildRules = (
			);
			dependencies = (
				BFDAB3A723FEA4DD009CE055 /* PBXTargetDependency */,
			);
			name = todaywineUITests;
			productName = todaywineUITests;
			productReference = BFDAB3A523FEA4DD009CE055 /* todaywineUITests.xctest */;
			productType = "com.apple.product-type.bundle.ui-testing";
		};
/* End PBXNativeTarget section */

/* Begin PBXProject section */
		BFDAB37C23FEA4DA009CE055 /* Project object */ = {
			isa = PBXProject;
			attributes = {
				LastSwiftUpdateCheck = 1130;
				LastUpgradeCheck = 1130;
				ORGANIZATIONNAME = jimmy;
				TargetAttributes = {
					BFDAB38323FEA4DA009CE055 = {
						CreatedOnToolsVersion = 11.3.1;
					};
					BFDAB39923FEA4DD009CE055 = {
						CreatedOnToolsVersion = 11.3.1;
						TestTargetID = BFDAB38323FEA4DA009CE055;
					};
					BFDAB3A423FEA4DD009CE055 = {
						CreatedOnToolsVersion = 11.3.1;
						TestTargetID = BFDAB38323FEA4DA009CE055;
					};
				};
			};
			buildConfigurationList = BFDAB37F23FEA4DA009CE055 /* Build configuration list for PBXProject "todaywine" */;
			compatibilityVersion = "Xcode 9.3";
			developmentRegion = en;
			hasScannedForEncodings = 0;
			knownRegions = (
				en,
				Base,
			);
			mainGroup = BFDAB37B23FEA4DA009CE055;
			productRefGroup = BFDAB38523FEA4DA009CE055 /* Products */;
			projectDirPath = "";
			projectRoot = "";
			targets = (
				BFDAB38323FEA4DA009CE055 /* todaywine */,
				BFDAB39923FEA4DD009CE055 /* todaywineTests */,
				BFDAB3A423FEA4DD009CE055 /* todaywineUITests */,
			);
		};
/* End PBXProject section */

/* Begin PBXResourcesBuildPhase section */
		BFDAB38223FEA4DA009CE055 /* Resources */ = {
			isa = PBXResourcesBuildPhase;
			buildActionMask = 2147483647;
			files = (
				BF39D534242FBF260041CA74 /* Headers in Resources */,
				BF39D518242FBF040041CA74 /* noimage256.png in Resources */,
				BF39D519242FBF040041CA74 /* shadow_balloon.png in Resources */,
				BF39D51A242FBF040041CA74 /* map_pin_custom.png in Resources */,
				BF39D51B242FBF040041CA74 /* copyright.png in Resources */,
				BF39D51C242FBF040041CA74 /* map_pinup@3x.png in Resources */,
				BF39D51D242FBF040041CA74 /* point_sprite.png in Resources */,
				BF39D51E242FBF040041CA74 /* map_pinup_custom.png in Resources */,
				BF39D51F242FBF040041CA74 /* th_line.png in Resources */,
				BF39D520242FBF040041CA74 /* map_pin_red.png in Resources */,
				BF39D521242FBF040041CA74 /* map_pin_shadow.png in Resources */,
				BF39D522242FBF040041CA74 /* detail_button.png in Resources */,
				BF39D523242FBF040041CA74 /* map_pin@3x.png in Resources */,
				BF39D524242FBF040041CA74 /* info_box.png in Resources */,
				BF39D525242FBF040041CA74 /* map_present_background_update.png in Resources */,
				BF39D526242FBF040041CA74 /* map_pinup.png in Resources */,
				BF39D527242FBF040041CA74 /* map_pin_red@3x.png in Resources */,
				BF39D528242FBF040041CA74 /* map_present_tracking.png in Resources */,
				BF39D529242FBF040041CA74 /* noimage.png in Resources */,
				BF39D52A242FBF040041CA74 /* daum_th_line.png in Resources */,
				BF39D52B242FBF040041CA74 /* map_pin_custom@3x.png in Resources */,
				BF39D52C242FBF040041CA74 /* daum_copyright.png in Resources */,
				BF39D52D242FBF040041CA74 /* map_present_direction.png in Resources */,
				BF39D52E242FBF040041CA74 /* map_present.png in Resources */,
				BF39D52F242FBF040041CA74 /* map_pin_shadow@3x.png in Resources */,
				BF39D530242FBF040041CA74 /* info_box_tail.png in Resources */,
				BF39D531242FBF040041CA74 /* map_pinup_custom@3x.png in Resources */,
				BF39D532242FBF040041CA74 /* map_pin.png in Resources */,
				BFDAB3CC2408F1F6009CE055 /* WineCell.xib in Resources */,
				BF7CAEBE241E3C8D0047CD70 /* Home.storyboard in Resources */,
				BFDAB3C62408EA3F009CE055 /* wine.json in Resources */,
				BFDAB3D0240934AF009CE055 /* quiz.json in Resources */,
				BFDAB39423FEA4DD009CE055 /* LaunchScreen.storyboard in Resources */,
				BFDAB39123FEA4DD009CE055 /* Assets.xcassets in Resources */,
				BFDAB38F23FEA4DA009CE055 /* Main.storyboard in Resources */,
			);
			runOnlyForDeploymentPostprocessing = 0;
		};
		BFDAB39823FEA4DD009CE055 /* Resources */ = {
			isa = PBXResourcesBuildPhase;
			buildActionMask = 2147483647;
			files = (
			);
			runOnlyForDeploymentPostprocessing = 0;
		};
		BFDAB3A323FEA4DD009CE055 /* Resources */ = {
			isa = PBXResourcesBuildPhase;
			buildActionMask = 2147483647;
			files = (
			);
			runOnlyForDeploymentPostprocessing = 0;
		};
/* End PBXResourcesBuildPhase section */

/* Begin PBXSourcesBuildPhase section */
		BFDAB38023FEA4DA009CE055 /* Sources */ = {
			isa = PBXSourcesBuildPhase;
			buildActionMask = 2147483647;
			files = (
				BFDAB3C224084EA3009CE055 /* MypageViewController.swift in Sources */,
				BFDAB3BC23FEA575009CE055 /* SearchViewController.swift in Sources */,
				BF406454240E92C800F20734 /* WineV2.swift in Sources */,
				BF39D5372431A4D80041CA74 /* MapViewController.swift in Sources */,
				BF1ED4B62437819700DFAC02 /* Common.swift in Sources */,
				BF3E7E242420EC8E00931641 /* HomeViewController.swift in Sources */,
				BFDAB3CE240932D3009CE055 /* Quiz.swift in Sources */,
				BFDAB3C82408EA9D009CE055 /* Wine.swift in Sources */,
				BFDAB3BE23FEC352009CE055 /* UIViewControllerBase.swift in Sources */,
				BFDAB38C23FEA4DA009CE055 /* ViewController.swift in Sources */,
				BFDAB3CB2408F1F6009CE055 /* WineCell.swift in Sources */,
				BF3EF411240D9A0C00036FD1 /* SearchResultViewController.swift in Sources */,
				BFDAB3BA23FEA560009CE055 /* QuizViewController.swift in Sources */,
				BFDAB38823FEA4DA009CE055 /* AppDelegate.swift in Sources */,
				BF4380B724290365000C0B43 /* DataStore.swift in Sources */,
				BFDAB38A23FEA4DA009CE055 /* SceneDelegate.swift in Sources */,
				BF4380B3242639AC000C0B43 /* QuizLog.swift in Sources */,
				BF39D539243232090041CA74 /* SearchLog.swift in Sources */,
				BFDAB3C02402BE10009CE055 /* QuizViewController2.swift in Sources */,
				BFDAB3D224097FE5009CE055 /* TodayWineViewController.swift in Sources */,
				BFDAB3D4240B9D5C009CE055 /* RecommendWineViewController.swift in Sources */,
				BFDAB3B823FEA54A009CE055 /* MainViewController.swift in Sources */,
			);
			runOnlyForDeploymentPostprocessing = 0;
		};
		BFDAB39623FEA4DD009CE055 /* Sources */ = {
			isa = PBXSourcesBuildPhase;
			buildActionMask = 2147483647;
			files = (
				BFDAB39F23FEA4DD009CE055 /* todaywineTests.swift in Sources */,
			);
			runOnlyForDeploymentPostprocessing = 0;
		};
		BFDAB3A123FEA4DD009CE055 /* Sources */ = {
			isa = PBXSourcesBuildPhase;
			buildActionMask = 2147483647;
			files = (
				BFDAB3AA23FEA4DD009CE055 /* todaywineUITests.swift in Sources */,
			);
			runOnlyForDeploymentPostprocessing = 0;
		};
/* End PBXSourcesBuildPhase section */

/* Begin PBXTargetDependency section */
		BFDAB39C23FEA4DD009CE055 /* PBXTargetDependency */ = {
			isa = PBXTargetDependency;
			target = BFDAB38323FEA4DA009CE055 /* todaywine */;
			targetProxy = BFDAB39B23FEA4DD009CE055 /* PBXContainerItemProxy */;
		};
		BFDAB3A723FEA4DD009CE055 /* PBXTargetDependency */ = {
			isa = PBXTargetDependency;
			target = BFDAB38323FEA4DA009CE055 /* todaywine */;
			targetProxy = BFDAB3A623FEA4DD009CE055 /* PBXContainerItemProxy */;
		};
/* End PBXTargetDependency section */

/* Begin PBXVariantGroup section */
		BFDAB38D23FEA4DA009CE055 /* Main.storyboard */ = {
			isa = PBXVariantGroup;
			children = (
				BFDAB38E23FEA4DA009CE055 /* Base */,
			);
			name = Main.storyboard;
			sourceTree = "<group>";
		};
		BFDAB39223FEA4DD009CE055 /* LaunchScreen.storyboard */ = {
			isa = PBXVariantGroup;
			children = (
				BFDAB39323FEA4DD009CE055 /* Base */,
			);
			name = LaunchScreen.storyboard;
			sourceTree = "<group>";
		};
/* End PBXVariantGroup section */

/* Begin XCBuildConfiguration section */
		BFDAB3AC23FEA4DD009CE055 /* Debug */ = {
			isa = XCBuildConfiguration;
			buildSettings = {
				ALWAYS_SEARCH_USER_PATHS = NO;
				CLANG_ANALYZER_NONNULL = YES;
				CLANG_ANALYZER_NUMBER_OBJECT_CONVERSION = YES_AGGRESSIVE;
				CLANG_CXX_LANGUAGE_STANDARD = "gnu++14";
				CLANG_CXX_LIBRARY = "libc++";
				CLANG_ENABLE_MODULES = YES;
				CLANG_ENABLE_OBJC_ARC = YES;
				CLANG_ENABLE_OBJC_WEAK = YES;
				CLANG_WARN_BLOCK_CAPTURE_AUTORELEASING = YES;
				CLANG_WARN_BOOL_CONVERSION = YES;
				CLANG_WARN_COMMA = YES;
				CLANG_WARN_CONSTANT_CONVERSION = YES;
				CLANG_WARN_DEPRECATED_OBJC_IMPLEMENTATIONS = YES;
				CLANG_WARN_DIRECT_OBJC_ISA_USAGE = YES_ERROR;
				CLANG_WARN_DOCUMENTATION_COMMENTS = YES;
				CLANG_WARN_EMPTY_BODY = YES;
				CLANG_WARN_ENUM_CONVERSION = YES;
				CLANG_WARN_INFINITE_RECURSION = YES;
				CLANG_WARN_INT_CONVERSION = YES;
				CLANG_WARN_NON_LITERAL_NULL_CONVERSION = YES;
				CLANG_WARN_OBJC_IMPLICIT_RETAIN_SELF = YES;
				CLANG_WARN_OBJC_LITERAL_CONVERSION = YES;
				CLANG_WARN_OBJC_ROOT_CLASS = YES_ERROR;
				CLANG_WARN_RANGE_LOOP_ANALYSIS = YES;
				CLANG_WARN_STRICT_PROTOTYPES = YES;
				CLANG_WARN_SUSPICIOUS_MOVE = YES;
				CLANG_WARN_UNGUARDED_AVAILABILITY = YES_AGGRESSIVE;
				CLANG_WARN_UNREACHABLE_CODE = YES;
				CLANG_WARN__DUPLICATE_METHOD_MATCH = YES;
				COPY_PHASE_STRIP = NO;
				DEBUG_INFORMATION_FORMAT = dwarf;
				ENABLE_STRICT_OBJC_MSGSEND = YES;
				ENABLE_TESTABILITY = YES;
				GCC_C_LANGUAGE_STANDARD = gnu11;
				GCC_DYNAMIC_NO_PIC = NO;
				GCC_NO_COMMON_BLOCKS = YES;
				GCC_OPTIMIZATION_LEVEL = 0;
				GCC_PREPROCESSOR_DEFINITIONS = (
					"DEBUG=1",
					"$(inherited)",
				);
				GCC_WARN_64_TO_32_BIT_CONVERSION = YES;
				GCC_WARN_ABOUT_RETURN_TYPE = YES_ERROR;
				GCC_WARN_UNDECLARED_SELECTOR = YES;
				GCC_WARN_UNINITIALIZED_AUTOS = YES_AGGRESSIVE;
				GCC_WARN_UNUSED_FUNCTION = YES;
				GCC_WARN_UNUSED_VARIABLE = YES;
				IPHONEOS_DEPLOYMENT_TARGET = 13.2;
				MTL_ENABLE_DEBUG_INFO = INCLUDE_SOURCE;
				MTL_FAST_MATH = YES;
				ONLY_ACTIVE_ARCH = YES;
				SDKROOT = iphoneos;
				SWIFT_ACTIVE_COMPILATION_CONDITIONS = DEBUG;
				SWIFT_OPTIMIZATION_LEVEL = "-Onone";
			};
			name = Debug;
		};
		BFDAB3AD23FEA4DD009CE055 /* Release */ = {
			isa = XCBuildConfiguration;
			buildSettings = {
				ALWAYS_SEARCH_USER_PATHS = NO;
				CLANG_ANALYZER_NONNULL = YES;
				CLANG_ANALYZER_NUMBER_OBJECT_CONVERSION = YES_AGGRESSIVE;
				CLANG_CXX_LANGUAGE_STANDARD = "gnu++14";
				CLANG_CXX_LIBRARY = "libc++";
				CLANG_ENABLE_MODULES = YES;
				CLANG_ENABLE_OBJC_ARC = YES;
				CLANG_ENABLE_OBJC_WEAK = YES;
				CLANG_WARN_BLOCK_CAPTURE_AUTORELEASING = YES;
				CLANG_WARN_BOOL_CONVERSION = YES;
				CLANG_WARN_COMMA = YES;
				CLANG_WARN_CONSTANT_CONVERSION = YES;
				CLANG_WARN_DEPRECATED_OBJC_IMPLEMENTATIONS = YES;
				CLANG_WARN_DIRECT_OBJC_ISA_USAGE = YES_ERROR;
				CLANG_WARN_DOCUMENTATION_COMMENTS = YES;
				CLANG_WARN_EMPTY_BODY = YES;
				CLANG_WARN_ENUM_CONVERSION = YES;
				CLANG_WARN_INFINITE_RECURSION = YES;
				CLANG_WARN_INT_CONVERSION = YES;
				CLANG_WARN_NON_LITERAL_NULL_CONVERSION = YES;
				CLANG_WARN_OBJC_IMPLICIT_RETAIN_SELF = YES;
				CLANG_WARN_OBJC_LITERAL_CONVERSION = YES;
				CLANG_WARN_OBJC_ROOT_CLASS = YES_ERROR;
				CLANG_WARN_RANGE_LOOP_ANALYSIS = YES;
				CLANG_WARN_STRICT_PROTOTYPES = YES;
				CLANG_WARN_SUSPICIOUS_MOVE = YES;
				CLANG_WARN_UNGUARDED_AVAILABILITY = YES_AGGRESSIVE;
				CLANG_WARN_UNREACHABLE_CODE = YES;
				CLANG_WARN__DUPLICATE_METHOD_MATCH = YES;
				COPY_PHASE_STRIP = NO;
				DEBUG_INFORMATION_FORMAT = "dwarf-with-dsym";
				ENABLE_NS_ASSERTIONS = NO;
				ENABLE_STRICT_OBJC_MSGSEND = YES;
				GCC_C_LANGUAGE_STANDARD = gnu11;
				GCC_NO_COMMON_BLOCKS = YES;
				GCC_WARN_64_TO_32_BIT_CONVERSION = YES;
				GCC_WARN_ABOUT_RETURN_TYPE = YES_ERROR;
				GCC_WARN_UNDECLARED_SELECTOR = YES;
				GCC_WARN_UNINITIALIZED_AUTOS = YES_AGGRESSIVE;
				GCC_WARN_UNUSED_FUNCTION = YES;
				GCC_WARN_UNUSED_VARIABLE = YES;
				IPHONEOS_DEPLOYMENT_TARGET = 13.2;
				MTL_ENABLE_DEBUG_INFO = NO;
				MTL_FAST_MATH = YES;
				SDKROOT = iphoneos;
				SWIFT_COMPILATION_MODE = wholemodule;
				SWIFT_OPTIMIZATION_LEVEL = "-O";
				VALIDATE_PRODUCT = YES;
			};
			name = Release;
		};
		BFDAB3AF23FEA4DD009CE055 /* Debug */ = {
			isa = XCBuildConfiguration;
			buildSettings = {
				ASSETCATALOG_COMPILER_APPICON_NAME = AppIcon;
				CLANG_ENABLE_OBJC_ARC = NO;
				CODE_SIGN_STYLE = Automatic;
				DEVELOPMENT_ASSET_PATHS = "";
				DEVELOPMENT_TEAM = DB65B26YM9;
				FRAMEWORK_SEARCH_PATHS = (
					"$(inherited)",
					"$(PROJECT_DIR)",
				);
				INFOPLIST_FILE = todaywine/Info.plist;
				LD_RUNPATH_SEARCH_PATHS = (
					"$(inherited)",
					"@executable_path/Frameworks",
				);
				PRODUCT_BUNDLE_IDENTIFIER = net.yunaz.todaywine;
				PRODUCT_NAME = "$(TARGET_NAME)";
				SWIFT_OBJC_BRIDGING_HEADER = "$(PROJECT_DIR)/BridgingHeader.h";
				SWIFT_VERSION = 5.0;
				TARGETED_DEVICE_FAMILY = "1,2";
			};
			name = Debug;
		};
		BFDAB3B023FEA4DD009CE055 /* Release */ = {
			isa = XCBuildConfiguration;
			buildSettings = {
				ASSETCATALOG_COMPILER_APPICON_NAME = AppIcon;
				CLANG_ENABLE_OBJC_ARC = NO;
				CODE_SIGN_STYLE = Automatic;
				DEVELOPMENT_ASSET_PATHS = "";
				DEVELOPMENT_TEAM = DB65B26YM9;
				FRAMEWORK_SEARCH_PATHS = (
					"$(inherited)",
					"$(PROJECT_DIR)",
				);
				INFOPLIST_FILE = todaywine/Info.plist;
				LD_RUNPATH_SEARCH_PATHS = (
					"$(inherited)",
					"@executable_path/Frameworks",
				);
				PRODUCT_BUNDLE_IDENTIFIER = net.yunaz.todaywine;
				PRODUCT_NAME = "$(TARGET_NAME)";
				SWIFT_OBJC_BRIDGING_HEADER = "$(PROJECT_DIR)/BridgingHeader.h";
				SWIFT_VERSION = 5.0;
				TARGETED_DEVICE_FAMILY = "1,2";
			};
			name = Release;
		};
		BFDAB3B223FEA4DD009CE055 /* Debug */ = {
			isa = XCBuildConfiguration;
			buildSettings = {
				ALWAYS_EMBED_SWIFT_STANDARD_LIBRARIES = YES;
				BUNDLE_LOADER = "$(TEST_HOST)";
				CODE_SIGN_STYLE = Automatic;
				DEVELOPMENT_TEAM = DB65B26YM9;
				INFOPLIST_FILE = todaywineTests/Info.plist;
				IPHONEOS_DEPLOYMENT_TARGET = 13.2;
				LD_RUNPATH_SEARCH_PATHS = (
					"$(inherited)",
					"@executable_path/Frameworks",
					"@loader_path/Frameworks",
				);
				PRODUCT_BUNDLE_IDENTIFIER = net.yunaz.todaywineTests;
				PRODUCT_NAME = "$(TARGET_NAME)";
				SWIFT_VERSION = 5.0;
				TARGETED_DEVICE_FAMILY = "1,2";
				TEST_HOST = "$(BUILT_PRODUCTS_DIR)/todaywine.app/todaywine";
			};
			name = Debug;
		};
		BFDAB3B323FEA4DD009CE055 /* Release */ = {
			isa = XCBuildConfiguration;
			buildSettings = {
				ALWAYS_EMBED_SWIFT_STANDARD_LIBRARIES = YES;
				BUNDLE_LOADER = "$(TEST_HOST)";
				CODE_SIGN_STYLE = Automatic;
				DEVELOPMENT_TEAM = DB65B26YM9;
				INFOPLIST_FILE = todaywineTests/Info.plist;
				IPHONEOS_DEPLOYMENT_TARGET = 13.2;
				LD_RUNPATH_SEARCH_PATHS = (
					"$(inherited)",
					"@executable_path/Frameworks",
					"@loader_path/Frameworks",
				);
				PRODUCT_BUNDLE_IDENTIFIER = net.yunaz.todaywineTests;
				PRODUCT_NAME = "$(TARGET_NAME)";
				SWIFT_VERSION = 5.0;
				TARGETED_DEVICE_FAMILY = "1,2";
				TEST_HOST = "$(BUILT_PRODUCTS_DIR)/todaywine.app/todaywine";
			};
			name = Release;
		};
		BFDAB3B523FEA4DD009CE055 /* Debug */ = {
			isa = XCBuildConfiguration;
			buildSettings = {
				ALWAYS_EMBED_SWIFT_STANDARD_LIBRARIES = YES;
				CODE_SIGN_STYLE = Automatic;
				DEVELOPMENT_TEAM = DB65B26YM9;
				INFOPLIST_FILE = todaywineUITests/Info.plist;
				LD_RUNPATH_SEARCH_PATHS = (
					"$(inherited)",
					"@executable_path/Frameworks",
					"@loader_path/Frameworks",
				);
				PRODUCT_BUNDLE_IDENTIFIER = net.yunaz.todaywineUITests;
				PRODUCT_NAME = "$(TARGET_NAME)";
				SWIFT_VERSION = 5.0;
				TARGETED_DEVICE_FAMILY = "1,2";
				TEST_TARGET_NAME = todaywine;
			};
			name = Debug;
		};
		BFDAB3B623FEA4DD009CE055 /* Release */ = {
			isa = XCBuildConfiguration;
			buildSettings = {
				ALWAYS_EMBED_SWIFT_STANDARD_LIBRARIES = YES;
				CODE_SIGN_STYLE = Automatic;
				DEVELOPMENT_TEAM = DB65B26YM9;
				INFOPLIST_FILE = todaywineUITests/Info.plist;
				LD_RUNPATH_SEARCH_PATHS = (
					"$(inherited)",
					"@executable_path/Frameworks",
					"@loader_path/Frameworks",
				);
				PRODUCT_BUNDLE_IDENTIFIER = net.yunaz.todaywineUITests;
				PRODUCT_NAME = "$(TARGET_NAME)";
				SWIFT_VERSION = 5.0;
				TARGETED_DEVICE_FAMILY = "1,2";
				TEST_TARGET_NAME = todaywine;
			};
			name = Release;
		};
/* End XCBuildConfiguration section */

/* Begin XCConfigurationList section */
		BFDAB37F23FEA4DA009CE055 /* Build configuration list for PBXProject "todaywine" */ = {
			isa = XCConfigurationList;
			buildConfigurations = (
				BFDAB3AC23FEA4DD009CE055 /* Debug */,
				BFDAB3AD23FEA4DD009CE055 /* Release */,
			);
			defaultConfigurationIsVisible = 0;
			defaultConfigurationName = Release;
		};
		BFDAB3AE23FEA4DD009CE055 /* Build configuration list for PBXNativeTarget "todaywine" */ = {
			isa = XCConfigurationList;
			buildConfigurations = (
				BFDAB3AF23FEA4DD009CE055 /* Debug */,
				BFDAB3B023FEA4DD009CE055 /* Release */,
			);
			defaultConfigurationIsVisible = 0;
			defaultConfigurationName = Release;
		};
		BFDAB3B123FEA4DD009CE055 /* Build configuration list for PBXNativeTarget "todaywineTests" */ = {
			isa = XCConfigurationList;
			buildConfigurations = (
				BFDAB3B223FEA4DD009CE055 /* Debug */,
				BFDAB3B323FEA4DD009CE055 /* Release */,
			);
			defaultConfigurationIsVisible = 0;
			defaultConfigurationName = Release;
		};
		BFDAB3B423FEA4DD009CE055 /* Build configuration list for PBXNativeTarget "todaywineUITests" */ = {
			isa = XCConfigurationList;
			buildConfigurations = (
				BFDAB3B523FEA4DD009CE055 /* Debug */,
				BFDAB3B623FEA4DD009CE055 /* Release */,
			);
			defaultConfigurationIsVisible = 0;
			defaultConfigurationName = Release;
		};
/* End XCConfigurationList section */
	};
	rootObject = BFDAB37C23FEA4DA009CE055 /* Project object */;
}
